
Microsoft Visual Studio Solution File, Format Version 12.00
# Visual Studio Version 16
VisualStudioVersion = 16.0.31702.278
MinimumVisualStudioVersion = 10.0.40219.1
Project("{FAE04EC0-301F-11D3-BF4B-00C04F79EFBC}") = "vCardPlatform", "vCardPlatform\vCardPlatform.csproj", "{495BBA8B-AEA8-423D-911F-E9C71A59D4F8}"
EndProject
Project("{FAE04EC0-301F-11D3-BF4B-00C04F79EFBC}") = "MBWayAPI", "MBWayAPI\MBWayAPI.csproj", "{E0DC3FA4-11EB-40F0-A9DD-BF94E760BAA2}"
EndProject
Project("{FAE04EC0-301F-11D3-BF4B-00C04F79EFBC}") = "vCardGateway", "vCardGateway\vCardGateway.csproj", "{43EE1356-21D8-4980-B20C-2ED12C3A6180}"
EndProject
Project("{FAE04EC0-301F-11D3-BF4B-00C04F79EFBC}") = "vCardAPI", "vCardAPI\vCardAPI.csproj", "{22D5CC57-DB68-46CF-9E2C-FBBBB1A31CF0}"
EndProject
Global
	GlobalSection(SolutionConfigurationPlatforms) = preSolution
		Debug|Any CPU = Debug|Any CPU
		Release|Any CPU = Release|Any CPU
	EndGlobalSection
	GlobalSection(ProjectConfigurationPlatforms) = postSolution
		{495BBA8B-AEA8-423D-911F-E9C71A59D4F8}.Debug|Any CPU.ActiveCfg = Debug|Any CPU
		{495BBA8B-AEA8-423D-911F-E9C71A59D4F8}.Debug|Any CPU.Build.0 = Debug|Any CPU
		{495BBA8B-AEA8-423D-911F-E9C71A59D4F8}.Release|Any CPU.ActiveCfg = Release|Any CPU
		{495BBA8B-AEA8-423D-911F-E9C71A59D4F8}.Release|Any CPU.Build.0 = Release|Any CPU
		{E0DC3FA4-11EB-40F0-A9DD-BF94E760BAA2}.Debug|Any CPU.ActiveCfg = Debug|Any CPU
		{E0DC3FA4-11EB-40F0-A9DD-BF94E760BAA2}.Debug|Any CPU.Build.0 = Debug|Any CPU
		{E0DC3FA4-11EB-40F0-A9DD-BF94E760BAA2}.Release|Any CPU.ActiveCfg = Release|Any CPU
		{E0DC3FA4-11EB-40F0-A9DD-BF94E760BAA2}.Release|Any CPU.Build.0 = Release|Any CPU
		{43EE1356-21D8-4980-B20C-2ED12C3A6180}.Debug|Any CPU.ActiveCfg = Debug|Any CPU
		{43EE1356-21D8-4980-B20C-2ED12C3A6180}.Debug|Any CPU.Build.0 = Debug|Any CPU
		{43EE1356-21D8-4980-B20C-2ED12C3A6180}.Release|Any CPU.ActiveCfg = Release|Any CPU
		{43EE1356-21D8-4980-B20C-2ED12C3A6180}.Release|Any CPU.Build.0 = Release|Any CPU
		{22D5CC57-DB68-46CF-9E2C-FBBBB1A31CF0}.Debug|Any CPU.ActiveCfg = Debug|Any CPU
		{22D5CC57-DB68-46CF-9E2C-FBBBB1A31CF0}.Debug|Any CPU.Build.0 = Debug|Any CPU
		{22D5CC57-DB68-46CF-9E2C-FBBBB1A31CF0}.Release|Any CPU.ActiveCfg = Release|Any CPU
		{22D5CC57-DB68-46CF-9E2C-FBBBB1A31CF0}.Release|Any CPU.Build.0 = Release|Any CPU
	EndGlobalSection
	GlobalSection(SolutionProperties) = preSolution
		HideSolutionNode = FALSE
	EndGlobalSection
	GlobalSection(ExtensibilityGlobals) = postSolution
		SolutionGuid = {5D30A2A5-09C1-4671-A62D-DA5D79F05018}
	EndGlobalSection
EndGlobal
